{
  "originHash" : "e82f28d580e7ff7f54b6a4fd32457df1671e0bd492ad8cf722a8a46f3867ef1b",
  "pins" : [
    {
      "identity" : "factory",
      "kind" : "remoteSourceControl",
      "location" : "https://github.com/hmlongco/Factory.git",
      "state" : {
        "revision" : "ccc898f21992ebc130bc04cc197460a5ae230bcf",
        "version" : "2.5.3"
      }
    },
    {
      "identity" : "newrelic-ios-agent-spm",
      "kind" : "remoteSourceControl",
      "location" : "https://github.com/newrelic/newrelic-ios-agent-spm",
      "state" : {
        "revision" : "939325cf0d4746f6eebe2430d3bb44d06ecd29d2",
        "version" : "7.6.1"
      }
    }
  ],
  "version" : 3
}
